
Microsoft Visual Studio Solution File, Format Version 12.00
# Visual Studio Version 17
VisualStudioVersion = 17.8.34309.116
MinimumVisualStudioVersion = 10.0.40219.1
Project("{FAE04EC0-301F-11D3-BF4B-00C04F79EFBC}") = "JPDT", "JPDT\JPDT.csproj", "{4915F8CB-F961-4753-8352-CF58EB5CBDFB}"
EndProject
Global
	GlobalSection(SolutionConfigurationPlatforms) = preSolution
		Debug|Any CPU = Debug|Any CPU
		Release|Any CPU = Release|Any CPU
	EndGlobalSection
	GlobalSection(ProjectConfigurationPlatforms) = postSolution
		{4915F8CB-F961-4753-8352-CF58EB5CBDFB}.Debug|Any CPU.ActiveCfg = Debug|Any CPU
		{4915F8CB-F961-4753-8352-CF58EB5CBDFB}.Debug|Any CPU.Build.0 = Debug|Any CPU
		{4915F8CB-F961-4753-8352-CF58EB5CBDFB}.Release|Any CPU.ActiveCfg = Release|Any CPU
		{4915F8CB-F961-4753-8352-CF58EB5CBDFB}.Release|Any CPU.Build.0 = Release|Any CPU
	EndGlobalSection
	GlobalSection(SolutionProperties) = preSolution
		HideSolutionNode = FALSE
	EndGlobalSection
	GlobalSection(ExtensibilityGlobals) = postSolution
		SolutionGuid = {7EB20F9B-0129-42B3-B0D8-0FB0F3E419D1}
	EndGlobalSection
EndGlobal
